
Microsoft Visual Studio Solution File, Format Version 12.00
# Visual Studio Version 16
VisualStudioVersion = 16.0.29519.181
MinimumVisualStudioVersion = 10.0.40219.1
Project("{FAE04EC0-301F-11D3-BF4B-00C04F79EFBC}") = "PAtividade9", "PAtividade9\PAtividade9.csproj", "{F00CE6D4-B0A6-4D51-B081-3C6768650073}"
EndProject
Global
	GlobalSection(SolutionConfigurationPlatforms) = preSolution
		Debug|Any CPU = Debug|Any CPU
		Release|Any CPU = Release|Any CPU
	EndGlobalSection
	GlobalSection(ProjectConfigurationPlatforms) = postSolution
		{F00CE6D4-B0A6-4D51-B081-3C6768650073}.Debug|Any CPU.ActiveCfg = Debug|Any CPU
		{F00CE6D4-B0A6-4D51-B081-3C6768650073}.Debug|Any CPU.Build.0 = Debug|Any CPU
		{F00CE6D4-B0A6-4D51-B081-3C6768650073}.Release|Any CPU.ActiveCfg = Release|Any CPU
		{F00CE6D4-B0A6-4D51-B081-3C6768650073}.Release|Any CPU.Build.0 = Release|Any CPU
	EndGlobalSection
	GlobalSection(SolutionProperties) = preSolution
		HideSolutionNode = FALSE
	EndGlobalSection
	GlobalSection(ExtensibilityGlobals) = postSolution
		SolutionGuid = {A348E090-6E6B-4882-85DA-8446BF92FFE5}
	EndGlobalSection
EndGlobal
