
Microsoft Visual Studio Solution File, Format Version 12.00
# Visual Studio Version 17
VisualStudioVersion = 17.0.32126.317
MinimumVisualStudioVersion = 10.0.40219.1
Project("{FAE04EC0-301F-11D3-BF4B-00C04F79EFBC}") = "PCalculadora", "PCalculadora\PCalculadora.csproj", "{D7BA26F2-F8E8-4812-9CA2-C8B499737C50}"
EndProject
Global
	GlobalSection(SolutionConfigurationPlatforms) = preSolution
		Debug|Any CPU = Debug|Any CPU
		Release|Any CPU = Release|Any CPU
	EndGlobalSection
	GlobalSection(ProjectConfigurationPlatforms) = postSolution
		{D7BA26F2-F8E8-4812-9CA2-C8B499737C50}.Debug|Any CPU.ActiveCfg = Debug|Any CPU
		{D7BA26F2-F8E8-4812-9CA2-C8B499737C50}.Debug|Any CPU.Build.0 = Debug|Any CPU
		{D7BA26F2-F8E8-4812-9CA2-C8B499737C50}.Release|Any CPU.ActiveCfg = Release|Any CPU
		{D7BA26F2-F8E8-4812-9CA2-C8B499737C50}.Release|Any CPU.Build.0 = Release|Any CPU
	EndGlobalSection
	GlobalSection(SolutionProperties) = preSolution
		HideSolutionNode = FALSE
	EndGlobalSection
	GlobalSection(ExtensibilityGlobals) = postSolution
		SolutionGuid = {192BD2E7-45C0-4FEA-8BE1-2BBCB6F6FB97}
	EndGlobalSection
EndGlobal
