
Microsoft Visual Studio Solution File, Format Version 12.00
# Visual Studio Version 16
VisualStudioVersion = 16.0.29519.181
MinimumVisualStudioVersion = 10.0.40219.1
Project("{FAE04EC0-301F-11D3-BF4B-00C04F79EFBC}") = "PFerramenta", "PFerramenta\PFerramenta.csproj", "{970FDFAF-8924-476F-B6EC-2A52DDB9E73C}"
EndProject
Global
	GlobalSection(SolutionConfigurationPlatforms) = preSolution
		Debug|Any CPU = Debug|Any CPU
		Release|Any CPU = Release|Any CPU
	EndGlobalSection
	GlobalSection(ProjectConfigurationPlatforms) = postSolution
		{970FDFAF-8924-476F-B6EC-2A52DDB9E73C}.Debug|Any CPU.ActiveCfg = Debug|Any CPU
		{970FDFAF-8924-476F-B6EC-2A52DDB9E73C}.Debug|Any CPU.Build.0 = Debug|Any CPU
		{970FDFAF-8924-476F-B6EC-2A52DDB9E73C}.Release|Any CPU.ActiveCfg = Release|Any CPU
		{970FDFAF-8924-476F-B6EC-2A52DDB9E73C}.Release|Any CPU.Build.0 = Release|Any CPU
	EndGlobalSection
	GlobalSection(SolutionProperties) = preSolution
		HideSolutionNode = FALSE
	EndGlobalSection
	GlobalSection(ExtensibilityGlobals) = postSolution
		SolutionGuid = {98D92382-726A-4CC1-89BA-562EF3C4E8DE}
	EndGlobalSection
EndGlobal
