
Microsoft Visual Studio Solution File, Format Version 12.00
# Visual Studio Version 17
VisualStudioVersion = 17.0.32126.317
MinimumVisualStudioVersion = 10.0.40219.1
Project("{FAE04EC0-301F-11D3-BF4B-00C04F79EFBC}") = "PVolume", "PVolume\PVolume.csproj", "{4EA2631D-65F2-4AB3-8636-0981A9E40DFD}"
EndProject
Global
	GlobalSection(SolutionConfigurationPlatforms) = preSolution
		Debug|Any CPU = Debug|Any CPU
		Release|Any CPU = Release|Any CPU
	EndGlobalSection
	GlobalSection(ProjectConfigurationPlatforms) = postSolution
		{4EA2631D-65F2-4AB3-8636-0981A9E40DFD}.Debug|Any CPU.ActiveCfg = Debug|Any CPU
		{4EA2631D-65F2-4AB3-8636-0981A9E40DFD}.Debug|Any CPU.Build.0 = Debug|Any CPU
		{4EA2631D-65F2-4AB3-8636-0981A9E40DFD}.Release|Any CPU.ActiveCfg = Release|Any CPU
		{4EA2631D-65F2-4AB3-8636-0981A9E40DFD}.Release|Any CPU.Build.0 = Release|Any CPU
	EndGlobalSection
	GlobalSection(SolutionProperties) = preSolution
		HideSolutionNode = FALSE
	EndGlobalSection
	GlobalSection(ExtensibilityGlobals) = postSolution
		SolutionGuid = {F565631C-47BA-473E-9E67-BF4B8BF83F1B}
	EndGlobalSection
EndGlobal
