
Microsoft Visual Studio Solution File, Format Version 12.00
# Visual Studio Version 16
VisualStudioVersion = 16.0.29519.181
MinimumVisualStudioVersion = 10.0.40219.1
Project("{FAE04EC0-301F-11D3-BF4B-00C04F79EFBC}") = "ProvaPratica1", "ProvaPratica1\ProvaPratica1.csproj", "{82A58886-84DC-448D-B352-DD3E9872317A}"
EndProject
Global
	GlobalSection(SolutionConfigurationPlatforms) = preSolution
		Debug|Any CPU = Debug|Any CPU
		Release|Any CPU = Release|Any CPU
	EndGlobalSection
	GlobalSection(ProjectConfigurationPlatforms) = postSolution
		{82A58886-84DC-448D-B352-DD3E9872317A}.Debug|Any CPU.ActiveCfg = Debug|Any CPU
		{82A58886-84DC-448D-B352-DD3E9872317A}.Debug|Any CPU.Build.0 = Debug|Any CPU
		{82A58886-84DC-448D-B352-DD3E9872317A}.Release|Any CPU.ActiveCfg = Release|Any CPU
		{82A58886-84DC-448D-B352-DD3E9872317A}.Release|Any CPU.Build.0 = Release|Any CPU
	EndGlobalSection
	GlobalSection(SolutionProperties) = preSolution
		HideSolutionNode = FALSE
	EndGlobalSection
	GlobalSection(ExtensibilityGlobals) = postSolution
		SolutionGuid = {0E8CAF44-06F7-43E1-A9C8-5E1D8F36DC6F}
	EndGlobalSection
EndGlobal
